# This file is automatically @generated by Cargo.
# It is not intended for manual editing.
version = 3

[[package]]
name = "anymap"
version = "0.12.1"
source = "registry+https://github.com/rust-lang/crates.io-index"
checksum = "33954243bd79057c2de7338850b85983a44588021f8a5fee574a8888c6de4344"

[[package]]
name = "backtrace"
version = "0.3.40"
source = "registry+https://github.com/rust-lang/crates.io-index"
checksum = "924c76597f0d9ca25d762c25a4d369d51267536465dc5064bdf0eb073ed477ea"
dependencies = [
 "backtrace-sys",
 "cfg-if",
 "libc",
 "rustc-demangle",
]

[[package]]
name = "backtrace-sys"
version = "0.1.32"
source = "registry+https://github.com/rust-lang/crates.io-index"
checksum = "5d6575f128516de27e3ce99689419835fce9643a9b215a14d2b5b685be018491"
dependencies = [
 "cc",
 "libc",
]

[[package]]
name = "byteorder"
version = "1.3.2"
source = "registry+https://github.com/rust-lang/crates.io-index"
checksum = "a7c3dd8985a7111efc5c80b44e23ecdd8c007de8ade3b96595387e812b957cf5"

[[package]]
name = "c2-chacha"
version = "0.2.3"
source = "registry+https://github.com/rust-lang/crates.io-index"
checksum = "214238caa1bf3a496ec3392968969cab8549f96ff30652c9e56885329315f6bb"
dependencies = [
 "ppv-lite86",
]

[[package]]
name = "cc"
version = "1.0.60"
source = "registry+https://github.com/rust-lang/crates.io-index"
checksum = "ef611cc68ff783f18535d77ddd080185275713d852c4f5cbb6122c462a7a825c"

[[package]]
name = "cfg-if"
version = "0.1.10"
source = "registry+https://github.com/rust-lang/crates.io-index"
checksum = "4785bdd1c96b2a846b2bd7cc02e86b6b3dbf14e7e53446c4f54c92a361040822"

[[package]]
name = "ctor"
version = "0.1.12"
source = "registry+https://github.com/rust-lang/crates.io-index"
checksum = "cd8ce37ad4184ab2ce004c33bf6379185d3b1c95801cab51026bd271bf68eedc"
dependencies = [
 "quote",
 "syn",
]

[[package]]
name = "erased-serde"
version = "0.3.9"
source = "registry+https://github.com/rust-lang/crates.io-index"
checksum = "3beee4bc16478a1b26f2e80ad819a52d24745e292f521a63c16eea5f74b7eb60"
dependencies = [
 "serde",
]

[[package]]
name = "failure"
version = "0.1.6"
source = "registry+https://github.com/rust-lang/crates.io-index"
checksum = "f8273f13c977665c5db7eb2b99ae520952fe5ac831ae4cd09d80c4c7042b5ed9"
dependencies = [
 "backtrace",
 "failure_derive",
]

[[package]]
name = "failure_derive"
version = "0.1.6"
source = "registry+https://github.com/rust-lang/crates.io-index"
checksum = "0bc225b78e0391e4b8683440bf2e63c2deeeb2ce5189eab46e2b68c6d3725d08"
dependencies = [
 "proc-macro2",
 "quote",
 "syn",
 "synstructure",
]

[[package]]
name = "fxhash"
version = "0.2.1"
source = "registry+https://github.com/rust-lang/crates.io-index"
checksum = "c31b6d751ae2c7f11320402d34e41349dd1016f8d5d45e48c4312bc8625af50c"
dependencies = [
 "byteorder",
]

[[package]]
name = "getrandom"
version = "0.1.13"
source = "registry+https://github.com/rust-lang/crates.io-index"
checksum = "e7db7ca94ed4cd01190ceee0d8a8052f08a247aa1b469a7f68c6a3b71afcf407"
dependencies = [
 "cfg-if",
 "libc",
 "wasi",
]

[[package]]
name = "ghost"
version = "0.1.1"
source = "registry+https://github.com/rust-lang/crates.io-index"
checksum = "2a36606a68532b5640dc86bb1f33c64b45c4682aad4c50f3937b317ea387f3d6"
dependencies = [
 "proc-macro2",
 "quote",
 "syn",
]

[[package]]
name = "inventory"
version = "0.1.5"
source = "registry+https://github.com/rust-lang/crates.io-index"
checksum = "2bf98296081bd2cb540acc09ef9c97f22b7e487841520350293605db1b2c7a27"
dependencies = [
 "ctor",
 "ghost",
 "inventory-impl",
]

[[package]]
name = "inventory-impl"
version = "0.1.5"
source = "registry+https://github.com/rust-lang/crates.io-index"
checksum = "0a8e30575afe28eea36a9a39136b70b2fb6b0dd0a212a5bd1f30a498395c0274"
dependencies = [
 "proc-macro2",
 "quote",
 "syn",
]

[[package]]
name = "itoa"
version = "0.4.4"
source = "registry+https://github.com/rust-lang/crates.io-index"
checksum = "501266b7edd0174f8530248f87f99c88fbe60ca4ef3dd486835b8d8d53136f7f"

[[package]]
name = "lazy_static"
version = "1.4.0"
source = "registry+https://github.com/rust-lang/crates.io-index"
checksum = "e2abad23fbc42b3700f2f279844dc832adb2b2eb069b2df918f455c4e18cc646"

[[package]]
name = "libc"
version = "0.2.65"
source = "registry+https://github.com/rust-lang/crates.io-index"
checksum = "1a31a0627fdf1f6a39ec0dd577e101440b7db22672c0901fe00a9a6fbb5c24e8"

[[package]]
name = "ppv-lite86"
version = "0.2.6"
source = "registry+https://github.com/rust-lang/crates.io-index"
checksum = "74490b50b9fbe561ac330df47c08f3f33073d2d00c150f719147d7c54522fa1b"

[[package]]
name = "proc-macro2"
version = "1.0.6"
source = "registry+https://github.com/rust-lang/crates.io-index"
checksum = "9c9e470a8dc4aeae2dee2f335e8f533e2d4b347e1434e5671afc49b054592f27"
dependencies = [
 "unicode-xid",
]

[[package]]
name = "quote"
version = "1.0.2"
source = "registry+https://github.com/rust-lang/crates.io-index"
checksum = "053a8c8bcc71fcce321828dc897a98ab9760bef03a4fc36693c231e5b3216cfe"
dependencies = [
 "proc-macro2",
]

[[package]]
name = "rand"
version = "0.7.2"
source = "registry+https://github.com/rust-lang/crates.io-index"
checksum = "3ae1b169243eaf61759b8475a998f0a385e42042370f3a7dbaf35246eacc8412"
dependencies = [
 "getrandom",
 "libc",
 "rand_chacha",
 "rand_core",
 "rand_hc",
]

[[package]]
name = "rand_chacha"
version = "0.2.1"
source = "registry+https://github.com/rust-lang/crates.io-index"
checksum = "03a2a90da8c7523f554344f921aa97283eadf6ac484a6d2a7d0212fa7f8d6853"
dependencies = [
 "c2-chacha",
 "rand_core",
]

[[package]]
name = "rand_core"
version = "0.5.1"
source = "registry+https://github.com/rust-lang/crates.io-index"
checksum = "90bde5296fc891b0cef12a6d03ddccc162ce7b2aff54160af9338f8d40df6d19"
dependencies = [
 "getrandom",
]

[[package]]
name = "rand_hc"
version = "0.2.0"
source = "registry+https://github.com/rust-lang/crates.io-index"
checksum = "ca3129af7b92a17112d59ad498c6f81eaf463253766b90396d39ea7a39d6613c"
dependencies = [
 "rand_core",
]

[[package]]
name = "ratel"
version = "0.8.0"
dependencies = [
 "serde",
 "serde_derive",
 "toolshed",
]

[[package]]
name = "rustc-demangle"
version = "0.1.16"
source = "registry+https://github.com/rust-lang/crates.io-index"
checksum = "4c691c0e608126e00913e33f0ccf3727d5fc84573623b8d65b2df340b5201783"

[[package]]
name = "rusty"
version = "0.1.0"
dependencies = [
 "erased-serde",
 "failure",
 "inventory",
 "lazy_static",
 "rand",
 "ratel",
 "serde",
 "serde_derive",
 "serde_json",
 "toolshed",
 "traitcast",
 "traitcast_core",
 "uuid",
]

[[package]]
name = "ryu"
version = "1.0.2"
source = "registry+https://github.com/rust-lang/crates.io-index"
checksum = "bfa8506c1de11c9c4e4c38863ccbe02a305c8188e85a05a784c9e11e1c3910c8"

[[package]]
name = "serde"
version = "1.0.102"
source = "registry+https://github.com/rust-lang/crates.io-index"
checksum = "0c4b39bd9b0b087684013a792c59e3e07a46a01d2322518d8a1104641a0b1be0"
dependencies = [
 "serde_derive",
]

[[package]]
name = "serde_derive"
version = "1.0.102"
source = "registry+https://github.com/rust-lang/crates.io-index"
checksum = "ca13fc1a832f793322228923fbb3aba9f3f44444898f835d31ad1b74fa0a2bf8"
dependencies = [
 "proc-macro2",
 "quote",
 "syn",
]

[[package]]
name = "serde_json"
version = "1.0.41"
source = "registry+https://github.com/rust-lang/crates.io-index"
checksum = "2f72eb2a68a7dc3f9a691bfda9305a1c017a6215e5a4545c258500d2099a37c2"
dependencies = [
 "itoa",
 "ryu",
 "serde",
]

[[package]]
name = "syn"
version = "1.0.7"
source = "registry+https://github.com/rust-lang/crates.io-index"
checksum = "0e7bedb3320d0f3035594b0b723c8a28d7d336a3eda3881db79e61d676fb644c"
dependencies = [
 "proc-macro2",
 "quote",
 "unicode-xid",
]

[[package]]
name = "synstructure"
version = "0.12.1"
source = "registry+https://github.com/rust-lang/crates.io-index"
checksum = "3f085a5855930c0441ca1288cf044ea4aecf4f43a91668abdb870b4ba546a203"
dependencies = [
 "proc-macro2",
 "quote",
 "syn",
 "unicode-xid",
]

[[package]]
name = "toolshed"
version = "0.4.0"
source = "registry+https://github.com/rust-lang/crates.io-index"
checksum = "450441e131c7663af72e63a33c02a6a1fbaaa8601dc652ed6757813bb55aeec7"
dependencies = [
 "fxhash",
 "serde",
]

[[package]]
name = "traitcast"
version = "0.5.0"
source = "registry+https://github.com/rust-lang/crates.io-index"
checksum = "f80b1cde694e5ff2dcb33875530f2f031a9a34dec8ba2744cacaf80a88658740"
dependencies = [
 "inventory",
 "lazy_static",
 "traitcast_core",
]

[[package]]
name = "traitcast_core"
version = "0.2.0"
source = "registry+https://github.com/rust-lang/crates.io-index"
checksum = "aabba8f4a83963f61a84d8cfc5829b4fad692aa6c6ad5d7b08b9549777e3cc4a"
dependencies = [
 "anymap",
 "inventory",
]

[[package]]
name = "unicode-xid"
version = "0.2.0"
source = "registry+https://github.com/rust-lang/crates.io-index"
checksum = "826e7639553986605ec5979c7dd957c7895e93eabed50ab2ffa7f6128a75097c"

[[package]]
name = "uuid"
version = "0.8.1"
source = "registry+https://github.com/rust-lang/crates.io-index"
checksum = "9fde2f6a4bea1d6e007c4ad38c6839fa71cbb63b6dbf5b595aa38dc9b1093c11"
dependencies = [
 "rand",
 "serde",
]

[[package]]
name = "wasi"
version = "0.7.0"
source = "registry+https://github.com/rust-lang/crates.io-index"
checksum = "b89c3ce4ce14bdc6fb6beaf9ec7928ca331de5df7e5ea278375642a2f478570d"
